
Microsoft Visual Studio Solution File, Format Version 12.00
# Visual Studio Version 16
VisualStudioVersion = 16.0.30804.86
MinimumVisualStudioVersion = 10.0.40219.1
Project("{FAE04EC0-301F-11D3-BF4B-00C04F79EFBC}") = "PerimetrApp", "PerimetrApp\PerimetrApp.csproj", "{C0504F83-FCF6-4060-B47E-8AF710FEBC96}"
EndProject
Global
	GlobalSection(SolutionConfigurationPlatforms) = preSolution
		Debug|Any CPU = Debug|Any CPU
		Release|Any CPU = Release|Any CPU
	EndGlobalSection
	GlobalSection(ProjectConfigurationPlatforms) = postSolution
		{C0504F83-FCF6-4060-B47E-8AF710FEBC96}.Debug|Any CPU.ActiveCfg = Debug|Any CPU
		{C0504F83-FCF6-4060-B47E-8AF710FEBC96}.Debug|Any CPU.Build.0 = Debug|Any CPU
		{C0504F83-FCF6-4060-B47E-8AF710FEBC96}.Release|Any CPU.ActiveCfg = Release|Any CPU
		{C0504F83-FCF6-4060-B47E-8AF710FEBC96}.Release|Any CPU.Build.0 = Release|Any CPU
	EndGlobalSection
	GlobalSection(SolutionProperties) = preSolution
		HideSolutionNode = FALSE
	EndGlobalSection
	GlobalSection(ExtensibilityGlobals) = postSolution
		SolutionGuid = {F03B118E-55A8-43F8-8521-7E2A54D5F3BF}
	EndGlobalSection
EndGlobal
